// !$*UTF8*$!
{
	archiveVersion = 1;
	classes = {
	};
	objectVersion = 50;
	objects = {

/* Begin PBXBuildFile section */
		703BF3D3243DF6AE003C15AE /* AppDelegate.swift in Sources */ = {isa = PBXBuildFile; fileRef = 703BF3D2243DF6AE003C15AE /* AppDelegate.swift */; };
		703BF3D5243DF6AE003C15AE /* SceneDelegate.swift in Sources */ = {isa = PBXBuildFile; fileRef = 703BF3D4243DF6AE003C15AE /* SceneDelegate.swift */; };
		703BF3D7243DF6AE003C15AE /* ViewController.swift in Sources */ = {isa = PBXBuildFile; fileRef = 703BF3D6243DF6AE003C15AE /* ViewController.swift */; };
		703BF3DA243DF6AE003C15AE /* Main.storyboard in Resources */ = {isa = PBXBuildFile; fileRef = 703BF3D8243DF6AE003C15AE /* Main.storyboard */; };
		703BF3DC243DF6B2003C15AE /* Assets.xcassets in Resources */ = {isa = PBXBuildFile; fileRef = 703BF3DB243DF6B2003C15AE /* Assets.xcassets */; };
		703BF3DF243DF6B2003C15AE /* LaunchScreen.storyboard in Resources */ = {isa = PBXBuildFile; fileRef = 703BF3DD243DF6B2003C15AE /* LaunchScreen.storyboard */; };
/* End PBXBuildFile section */

/* Begin PBXFileReference section */
		703BF3CF243DF6AE003C15AE /* iOS_MD2.app */ = {isa = PBXFileReference; explicitFileType = wrapper.application; includeInIndex = 0; path = iOS_MD2.app; sourceTree = BUILT_PRODUCTS_DIR; };
		703BF3D2243DF6AE003C15AE /* AppDelegate.swift */ = {isa = PBXFileReference; lastKnownFileType = sourcecode.swift; path = AppDelegate.swift; sourceTree = "<group>"; };
		703BF3D4243DF6AE003C15AE /* SceneDelegate.swift */ = {isa = PBXFileReference; lastKnownFileType = sourcecode.swift; path = SceneDelegate.swift; sourceTree = "<group>"; };
		703BF3D6243DF6AE003C15AE /* ViewController.swift */ = {isa = PBXFileReference; lastKnownFileType = sourcecode.swift; path = ViewController.swift; sourceTree = "<group>"; };
		703BF3D9243DF6AE003C15AE /* Base */ = {isa = PBXFileReference; lastKnownFileType = file.storyboard; name = Base; path = Base.lproj/Main.storyboard; sourceTree = "<group>"; };
		703BF3DB243DF6B2003C15AE /* Assets.xcassets */ = {isa = PBXFileReference; lastKnownFileType = folder.assetcatalog; path = Assets.xcassets; sourceTree = "<group>"; };
		703BF3DE243DF6B2003C15AE /* Base */ = {isa = PBXFileReference; lastKnownFileType = file.storyboard; name = Base; path = Base.lproj/LaunchScreen.storyboard; sourceTree = "<group>"; };
		703BF3E0243DF6B2003C15AE /* Info.plist */ = {isa = PBXFileReference; lastKnownFileType = text.plist.xml; path = Info.plist; sourceTree = "<group>"; };
/* End PBXFileReference section */

/* Begin PBXFrameworksBuildPhase section */
		703BF3CC243DF6AE003C15AE /* Frameworks */ = {
			isa = PBXFrameworksBuildPhase;
			buildActionMask = 2147483647;
			files = (
			);
			runOnlyForDeploymentPostprocessing = 0;
		};
/* End PBXFrameworksBuildPhase section */

/* Begin PBXGroup section */
		703BF3C6243DF6AE003C15AE = {
			isa = PBXGroup;
			children = (
				703BF3D1243DF6AE003C15AE /* iOS_MD2 */,
				703BF3D0243DF6AE003C15AE /* Products */,
			);
			sourceTree = "<group>";
		};
		703BF3D0243DF6AE003C15AE /* Products */ = {
			isa = PBXGroup;
			children = (
				703BF3CF243DF6AE003C15AE /* iOS_MD2.app */,
			);
			name = Products;
			sourceTree = "<group>";
		};
		703BF3D1243DF6AE003C15AE /* iOS_MD2 */ = {
			isa = PBXGroup;
			children = (
				703BF3D2243DF6AE003C15AE /* AppDelegate.swift */,
				703BF3D4243DF6AE003C15AE /* SceneDelegate.swift */,
				703BF3D6243DF6AE003C15AE /* ViewController.swift */,
				703BF3D8243DF6AE003C15AE /* Main.storyboard */,
				703BF3DB243DF6B2003C15AE /* Assets.xcassets */,
				703BF3DD243DF6B2003C15AE /* LaunchScreen.storyboard */,
				703BF3E0243DF6B2003C15AE /* Info.plist */,
			);
			path = iOS_MD2;
			sourceTree = "<group>";
		};
/* End PBXGroup section */

/* Begin PBXNativeTarget section */
		703BF3CE243DF6AE003C15AE /* iOS_MD2 */ = {
			isa = PBXNativeTarget;
			buildConfigurationList = 703BF3E3243DF6B2003C15AE /* Build configuration list for PBXNativeTarget "iOS_MD2" */;
			buildPhases = (
				703BF3CB243DF6AE003C15AE /* Sources */,
				703BF3CC243DF6AE003C15AE /* Frameworks */,
				703BF3CD243DF6AE003C15AE /* Resources */,
			);
			buildRules = (
			);
			dependencies = (
			);
			name = iOS_MD2;
			productName = iOS_MD2;
			productReference = 703BF3CF243DF6AE003C15AE /* iOS_MD2.app */;
			productType = "com.apple.product-type.application";
		};
/* End PBXNativeTarget section */

/* Begin PBXProject section */
		703BF3C7243DF6AE003C15AE /* Project object */ = {
			isa = PBXProject;
			attributes = {
				LastSwiftUpdateCheck = 1130;
				LastUpgradeCheck = 1130;
				ORGANIZATIONNAME = "Aivis Skangalis";
				TargetAttributes = {
					703BF3CE243DF6AE003C15AE = {
						CreatedOnToolsVersion = 11.3.1;
					};
				};
			};
			buildConfigurationList = 703BF3CA243DF6AE003C15AE /* Build configuration list for PBXProject "iOS_MD2" */;
			compatibilityVersion = "Xcode 9.3";
			developmentRegion = en;
			hasScannedForEncodings = 0;
			knownRegions = (
				en,
				Base,
			);
			mainGroup = 703BF3C6243DF6AE003C15AE;
			productRefGroup = 703BF3D0243DF6AE003C15AE /* Products */;
			projectDirPath = "";
			projectRoot = "";
			targets = (
				703BF3CE243DF6AE003C15AE /* iOS_MD2 */,
			);
		};
/* End PBXProject section */

/* Begin PBXResourcesBuildPhase section */
		703BF3CD243DF6AE003C15AE /* Resources */ = {
			isa = PBXResourcesBuildPhase;
			buildActionMask = 2147483647;
			files = (
				703BF3DF243DF6B2003C15AE /* LaunchScreen.storyboard in Resources */,
				703BF3DC243DF6B2003C15AE /* Assets.xcassets in Resources */,
				703BF3DA243DF6AE003C15AE /* Main.storyboard in Resources */,
			);
			runOnlyForDeploymentPostprocessing = 0;
		};
/* End PBXResourcesBuildPhase section */

/* Begin PBXSourcesBuildPhase section */
		703BF3CB243DF6AE003C15AE /* Sources */ = {
			isa = PBXSourcesBuildPhase;
			buildActionMask = 2147483647;
			files = (
				703BF3D7243DF6AE003C15AE /* ViewController.swift in Sources */,
				703BF3D3243DF6AE003C15AE /* AppDelegate.swift in Sources */,
				703BF3D5243DF6AE003C15AE /* SceneDelegate.swift in Sources */,
			);
			runOnlyForDeploymentPostprocessing = 0;
		};
/* End PBXSourcesBuildPhase section */

/* Begin PBXVariantGroup section */
		703BF3D8243DF6AE003C15AE /* Main.storyboard */ = {
			isa = PBXVariantGroup;
			children = (
				703BF3D9243DF6AE003C15AE /* Base */,
			);
			name = Main.storyboard;
			sourceTree = "<group>";
		};
		703BF3DD243DF6B2003C15AE /* LaunchScreen.storyboard */ = {
			isa = PBXVariantGroup;
			children = (
				703BF3DE243DF6B2003C15AE /* Base */,
			);
			name = LaunchScreen.storyboard;
			sourceTree = "<group>";
		};
/* End PBXVariantGroup section */

/* Begin XCBuildConfiguration section */
		703BF3E1243DF6B2003C15AE /* Debug */ = {
			isa = XCBuildConfiguration;
			buildSettings = {
				ALWAYS_SEARCH_USER_PATHS = NO;
				CLANG_ANALYZER_NONNULL = YES;
				CLANG_ANALYZER_NUMBER_OBJECT_CONVERSION = YES_AGGRESSIVE;
				CLANG_CXX_LANGUAGE_STANDARD = "gnu++14";
				CLANG_CXX_LIBRARY = "libc++";
				CLANG_ENABLE_MODULES = YES;
				CLANG_ENABLE_OBJC_ARC = YES;
				CLANG_ENABLE_OBJC_WEAK = YES;
				CLANG_WARN_BLOCK_CAPTURE_AUTORELEASING = YES;
				CLANG_WARN_BOOL_CONVERSION = YES;
				CLANG_WARN_COMMA = YES;
				CLANG_WARN_CONSTANT_CONVERSION = YES;
				CLANG_WARN_DEPRECATED_OBJC_IMPLEMENTATIONS = YES;
				CLANG_WARN_DIRECT_OBJC_ISA_USAGE = YES_ERROR;
				CLANG_WARN_DOCUMENTATION_COMMENTS = YES;
				CLANG_WARN_EMPTY_BODY = YES;
				CLANG_WARN_ENUM_CONVERSION = YES;
				CLANG_WARN_INFINITE_RECURSION = YES;
				CLANG_WARN_INT_CONVERSION = YES;
				CLANG_WARN_NON_LITERAL_NULL_CONVERSION = YES;
				CLANG_WARN_OBJC_IMPLICIT_RETAIN_SELF = YES;
				CLANG_WARN_OBJC_LITERAL_CONVERSION = YES;
				CLANG_WARN_OBJC_ROOT_CLASS = YES_ERROR;
				CLANG_WARN_RANGE_LOOP_ANALYSIS = YES;
				CLANG_WARN_STRICT_PROTOTYPES = YES;
				CLANG_WARN_SUSPICIOUS_MOVE = YES;
				CLANG_WARN_UNGUARDED_AVAILABILITY = YES_AGGRESSIVE;
				CLANG_WARN_UNREACHABLE_CODE = YES;
				CLANG_WARN__DUPLICATE_METHOD_MATCH = YES;
				COPY_PHASE_STRIP = NO;
				DEBUG_INFORMATION_FORMAT = dwarf;
				ENABLE_STRICT_OBJC_MSGSEND = YES;
				ENABLE_TESTABILITY = YES;
				GCC_C_LANGUAGE_STANDARD = gnu11;
				GCC_DYNAMIC_NO_PIC = NO;
				GCC_NO_COMMON_BLOCKS = YES;
				GCC_OPTIMIZATION_LEVEL = 0;
				GCC_PREPROCESSOR_DEFINITIONS = (
					"DEBUG=1",
					"$(inherited)",
				);
				GCC_WARN_64_TO_32_BIT_CONVERSION = YES;
				GCC_WARN_ABOUT_RETURN_TYPE = YES_ERROR;
				GCC_WARN_UNDECLARED_SELECTOR = YES;
				GCC_WARN_UNINITIALIZED_AUTOS = YES_AGGRESSIVE;
				GCC_WARN_UNUSED_FUNCTION = YES;
				GCC_WARN_UNUSED_VARIABLE = YES;
				IPHONEOS_DEPLOYMENT_TARGET = 13.0;
				MTL_ENABLE_DEBUG_INFO = INCLUDE_SOURCE;
				MTL_FAST_MATH = YES;
				ONLY_ACTIVE_ARCH = YES;
				SDKROOT = iphoneos;
				SWIFT_ACTIVE_COMPILATION_CONDITIONS = DEBUG;
				SWIFT_OPTIMIZATION_LEVEL = "-Onone";
			};
			name = Debug;
		};
		703BF3E2243DF6B2003C15AE /* Release */ = {
			isa = XCBuildConfiguration;
			buildSettings = {
				ALWAYS_SEARCH_USER_PATHS = NO;
				CLANG_ANALYZER_NONNULL = YES;
				CLANG_ANALYZER_NUMBER_OBJECT_CONVERSION = YES_AGGRESSIVE;
				CLANG_CXX_LANGUAGE_STANDARD = "gnu++14";
				CLANG_CXX_LIBRARY = "libc++";
				CLANG_ENABLE_MODULES = YES;
				CLANG_ENABLE_OBJC_ARC = YES;
				CLANG_ENABLE_OBJC_WEAK = YES;
				CLANG_WARN_BLOCK_CAPTURE_AUTORELEASING = YES;
				CLANG_WARN_BOOL_CONVERSION = YES;
				CLANG_WARN_COMMA = YES;
				CLANG_WARN_CONSTANT_CONVERSION = YES;
				CLANG_WARN_DEPRECATED_OBJC_IMPLEMENTATIONS = YES;
				CLANG_WARN_DIRECT_OBJC_ISA_USAGE = YES_ERROR;
				CLANG_WARN_DOCUMENTATION_COMMENTS = YES;
				CLANG_WARN_EMPTY_BODY = YES;
				CLANG_WARN_ENUM_CONVERSION = YES;
				CLANG_WARN_INFINITE_RECURSION = YES;
				CLANG_WARN_INT_CONVERSION = YES;
				CLANG_WARN_NON_LITERAL_NULL_CONVERSION = YES;
				CLANG_WARN_OBJC_IMPLICIT_RETAIN_SELF = YES;
				CLANG_WARN_OBJC_LITERAL_CONVERSION = YES;
				CLANG_WARN_OBJC_ROOT_CLASS = YES_ERROR;
				CLANG_WARN_RANGE_LOOP_ANALYSIS = YES;
				CLANG_WARN_STRICT_PROTOTYPES = YES;
				CLANG_WARN_SUSPICIOUS_MOVE = YES;
				CLANG_WARN_UNGUARDED_AVAILABILITY = YES_AGGRESSIVE;
				CLANG_WARN_UNREACHABLE_CODE = YES;
				CLANG_WARN__DUPLICATE_METHOD_MATCH = YES;
				COPY_PHASE_STRIP = NO;
				DEBUG_INFORMATION_FORMAT = "dwarf-with-dsym";
				ENABLE_NS_ASSERTIONS = NO;
				ENABLE_STRICT_OBJC_MSGSEND = YES;
				GCC_C_LANGUAGE_STANDARD = gnu11;
				GCC_NO_COMMON_BLOCKS = YES;
				GCC_WARN_64_TO_32_BIT_CONVERSION = YES;
				GCC_WARN_ABOUT_RETURN_TYPE = YES_ERROR;
				GCC_WARN_UNDECLARED_SELECTOR = YES;
				GCC_WARN_UNINITIALIZED_AUTOS = YES_AGGRESSIVE;
				GCC_WARN_UNUSED_FUNCTION = YES;
				GCC_WARN_UNUSED_VARIABLE = YES;
				IPHONEOS_DEPLOYMENT_TARGET = 13.0;
				MTL_ENABLE_DEBUG_INFO = NO;
				MTL_FAST_MATH = YES;
				SDKROOT = iphoneos;
				SWIFT_COMPILATION_MODE = wholemodule;
				SWIFT_OPTIMIZATION_LEVEL = "-O";
				VALIDATE_PRODUCT = YES;
			};
			name = Release;
		};
		703BF3E4243DF6B2003C15AE /* Debug */ = {
			isa = XCBuildConfiguration;
			buildSettings = {
				ASSETCATALOG_COMPILER_APPICON_NAME = AppIcon;
				CODE_SIGN_STYLE = Automatic;
				INFOPLIST_FILE = iOS_MD2/Info.plist;
				LD_RUNPATH_SEARCH_PATHS = (
					"$(inherited)",
					"@executable_path/Frameworks",
				);
				PRODUCT_BUNDLE_IDENTIFIER = "aivis.iOS-MD2";
				PRODUCT_NAME = "$(TARGET_NAME)";
				SWIFT_VERSION = 5.0;
				TARGETED_DEVICE_FAMILY = "1,2";
			};
			name = Debug;
		};
		703BF3E5243DF6B2003C15AE /* Release */ = {
			isa = XCBuildConfiguration;
			buildSettings = {
				ASSETCATALOG_COMPILER_APPICON_NAME = AppIcon;
				CODE_SIGN_STYLE = Automatic;
				INFOPLIST_FILE = iOS_MD2/Info.plist;
				LD_RUNPATH_SEARCH_PATHS = (
					"$(inherited)",
					"@executable_path/Frameworks",
				);
				PRODUCT_BUNDLE_IDENTIFIER = "aivis.iOS-MD2";
				PRODUCT_NAME = "$(TARGET_NAME)";
				SWIFT_VERSION = 5.0;
				TARGETED_DEVICE_FAMILY = "1,2";
			};
			name = Release;
		};
/* End XCBuildConfiguration section */

/* Begin XCConfigurationList section */
		703BF3CA243DF6AE003C15AE /* Build configuration list for PBXProject "iOS_MD2" */ = {
			isa = XCConfigurationList;
			buildConfigurations = (
				703BF3E1243DF6B2003C15AE /* Debug */,
				703BF3E2243DF6B2003C15AE /* Release */,
			);
			defaultConfigurationIsVisible = 0;
			defaultConfigurationName = Release;
		};
		703BF3E3243DF6B2003C15AE /* Build configuration list for PBXNativeTarget "iOS_MD2" */ = {
			isa = XCConfigurationList;
			buildConfigurations = (
				703BF3E4243DF6B2003C15AE /* Debug */,
				703BF3E5243DF6B2003C15AE /* Release */,
			);
			defaultConfigurationIsVisible = 0;
			defaultConfigurationName = Release;
		};
/* End XCConfigurationList section */
	};
	rootObject = 703BF3C7243DF6AE003C15AE /* Project object */;
}
